
Microsoft Visual Studio Solution File, Format Version 12.00
# Visual Studio Version 17
VisualStudioVersion = 17.13.35919.96 d17.13
MinimumVisualStudioVersion = 10.0.40219.1
Project("{FAE04EC0-301F-11D3-BF4B-00C04F79EFBC}") = "CSCI3110BoardGameAPI", "CSCI3110BoardGameAPI\CSCI3110BoardGameAPI.csproj", "{C48D99EE-4C0C-4D17-AA63-1F59F9992A57}"
EndProject
Global
	GlobalSection(SolutionConfigurationPlatforms) = preSolution
		Debug|Any CPU = Debug|Any CPU
		Release|Any CPU = Release|Any CPU
	EndGlobalSection
	GlobalSection(ProjectConfigurationPlatforms) = postSolution
		{C48D99EE-4C0C-4D17-AA63-1F59F9992A57}.Debug|Any CPU.ActiveCfg = Debug|Any CPU
		{C48D99EE-4C0C-4D17-AA63-1F59F9992A57}.Debug|Any CPU.Build.0 = Debug|Any CPU
		{C48D99EE-4C0C-4D17-AA63-1F59F9992A57}.Release|Any CPU.ActiveCfg = Release|Any CPU
		{C48D99EE-4C0C-4D17-AA63-1F59F9992A57}.Release|Any CPU.Build.0 = Release|Any CPU
	EndGlobalSection
	GlobalSection(SolutionProperties) = preSolution
		HideSolutionNode = FALSE
	EndGlobalSection
	GlobalSection(ExtensibilityGlobals) = postSolution
		SolutionGuid = {23FCEF25-71B4-4588-A218-77FE19521BC3}
	EndGlobalSection
EndGlobal
